// !$*UTF8*$!
{
	archiveVersion = 1;
	classes = {
	};
	objectVersion = 50;
	objects = {

/* Begin PBXBuildFile section */
		1E599E71225400E100E9C7CE /* ColorDetailViewController.swift in Sources */ = {isa = PBXBuildFile; fileRef = 1E599E70225400E100E9C7CE /* ColorDetailViewController.swift */; };
		1E599E73225400EC00E9C7CE /* Colors.swift in Sources */ = {isa = PBXBuildFile; fileRef = 1E599E72225400EC00E9C7CE /* Colors.swift */; };
		1E64481A22307FAA00329549 /* AppDelegate.swift in Sources */ = {isa = PBXBuildFile; fileRef = 1E64481922307FAA00329549 /* AppDelegate.swift */; };
		1E64481F22307FAA00329549 /* Main.storyboard in Resources */ = {isa = PBXBuildFile; fileRef = 1E64481D22307FAA00329549 /* Main.storyboard */; };
		1E64482122307FAB00329549 /* Assets.xcassets in Resources */ = {isa = PBXBuildFile; fileRef = 1E64482022307FAB00329549 /* Assets.xcassets */; };
		1E64482422307FAB00329549 /* LaunchScreen.storyboard in Resources */ = {isa = PBXBuildFile; fileRef = 1E64482222307FAB00329549 /* LaunchScreen.storyboard */; };
		1E64482F22307FAC00329549 /* ColorsTests.swift in Sources */ = {isa = PBXBuildFile; fileRef = 1E64482E22307FAC00329549 /* ColorsTests.swift */; };
		1E64483A22307FAC00329549 /* ColorsUITests.swift in Sources */ = {isa = PBXBuildFile; fileRef = 1E64483922307FAC00329549 /* ColorsUITests.swift */; };
		1E6448482230805600329549 /* ColorsViewController.swift in Sources */ = {isa = PBXBuildFile; fileRef = 1E6448472230805600329549 /* ColorsViewController.swift */; };
/* End PBXBuildFile section */

/* Begin PBXContainerItemProxy section */
		1E64482B22307FAC00329549 /* PBXContainerItemProxy */ = {
			isa = PBXContainerItemProxy;
			containerPortal = 1E64480E22307FA900329549 /* Project object */;
			proxyType = 1;
			remoteGlobalIDString = 1E64481522307FA900329549;
			remoteInfo = Colors;
		};
		1E64483622307FAC00329549 /* PBXContainerItemProxy */ = {
			isa = PBXContainerItemProxy;
			containerPortal = 1E64480E22307FA900329549 /* Project object */;
			proxyType = 1;
			remoteGlobalIDString = 1E64481522307FA900329549;
			remoteInfo = Colors;
		};
/* End PBXContainerItemProxy section */

/* Begin PBXFileReference section */
		1E599E70225400E100E9C7CE /* ColorDetailViewController.swift */ = {isa = PBXFileReference; fileEncoding = 4; lastKnownFileType = sourcecode.swift; path = ColorDetailViewController.swift; sourceTree = "<group>"; };
		1E599E72225400EC00E9C7CE /* Colors.swift */ = {isa = PBXFileReference; fileEncoding = 4; lastKnownFileType = sourcecode.swift; path = Colors.swift; sourceTree = "<group>"; };
		1E64481622307FA900329549 /* Colors.app */ = {isa = PBXFileReference; explicitFileType = wrapper.application; includeInIndex = 0; path = Colors.app; sourceTree = BUILT_PRODUCTS_DIR; };
		1E64481922307FAA00329549 /* AppDelegate.swift */ = {isa = PBXFileReference; lastKnownFileType = sourcecode.swift; path = AppDelegate.swift; sourceTree = "<group>"; };
		1E64481E22307FAA00329549 /* Base */ = {isa = PBXFileReference; lastKnownFileType = file.storyboard; name = Base; path = Base.lproj/Main.storyboard; sourceTree = "<group>"; };
		1E64482022307FAB00329549 /* Assets.xcassets */ = {isa = PBXFileReference; lastKnownFileType = folder.assetcatalog; path = Assets.xcassets; sourceTree = "<group>"; };
		1E64482322307FAB00329549 /* Base */ = {isa = PBXFileReference; lastKnownFileType = file.storyboard; name = Base; path = Base.lproj/LaunchScreen.storyboard; sourceTree = "<group>"; };
		1E64482522307FAB00329549 /* Info.plist */ = {isa = PBXFileReference; lastKnownFileType = text.plist.xml; path = Info.plist; sourceTree = "<group>"; };
		1E64482A22307FAC00329549 /* ColorsTests.xctest */ = {isa = PBXFileReference; explicitFileType = wrapper.cfbundle; includeInIndex = 0; path = ColorsTests.xctest; sourceTree = BUILT_PRODUCTS_DIR; };
		1E64482E22307FAC00329549 /* ColorsTests.swift */ = {isa = PBXFileReference; lastKnownFileType = sourcecode.swift; path = ColorsTests.swift; sourceTree = "<group>"; };
		1E64483022307FAC00329549 /* Info.plist */ = {isa = PBXFileReference; lastKnownFileType = text.plist.xml; path = Info.plist; sourceTree = "<group>"; };
		1E64483522307FAC00329549 /* ColorsUITests.xctest */ = {isa = PBXFileReference; explicitFileType = wrapper.cfbundle; includeInIndex = 0; path = ColorsUITests.xctest; sourceTree = BUILT_PRODUCTS_DIR; };
		1E64483922307FAC00329549 /* ColorsUITests.swift */ = {isa = PBXFileReference; lastKnownFileType = sourcecode.swift; path = ColorsUITests.swift; sourceTree = "<group>"; };
		1E64483B22307FAC00329549 /* Info.plist */ = {isa = PBXFileReference; lastKnownFileType = text.plist.xml; path = Info.plist; sourceTree = "<group>"; };
		1E6448472230805600329549 /* ColorsViewController.swift */ = {isa = PBXFileReference; lastKnownFileType = sourcecode.swift; path = ColorsViewController.swift; sourceTree = "<group>"; };
/* End PBXFileReference section */

/* Begin PBXFrameworksBuildPhase section */
		1E64481322307FA900329549 /* Frameworks */ = {
			isa = PBXFrameworksBuildPhase;
			buildActionMask = 2147483647;
			files = (
			);
			runOnlyForDeploymentPostprocessing = 0;
		};
		1E64482722307FAC00329549 /* Frameworks */ = {
			isa = PBXFrameworksBuildPhase;
			buildActionMask = 2147483647;
			files = (
			);
			runOnlyForDeploymentPostprocessing = 0;
		};
		1E64483222307FAC00329549 /* Frameworks */ = {
			isa = PBXFrameworksBuildPhase;
			buildActionMask = 2147483647;
			files = (
			);
			runOnlyForDeploymentPostprocessing = 0;
		};
/* End PBXFrameworksBuildPhase section */

/* Begin PBXGroup section */
		1E64480D22307FA900329549 = {
			isa = PBXGroup;
			children = (
				1E64481822307FA900329549 /* Colors */,
				1E64482D22307FAC00329549 /* ColorsTests */,
				1E64483822307FAC00329549 /* ColorsUITests */,
				1E64481722307FA900329549 /* Products */,
			);
			sourceTree = "<group>";
		};
		1E64481722307FA900329549 /* Products */ = {
			isa = PBXGroup;
			children = (
				1E64481622307FA900329549 /* Colors.app */,
				1E64482A22307FAC00329549 /* ColorsTests.xctest */,
				1E64483522307FAC00329549 /* ColorsUITests.xctest */,
			);
			name = Products;
			sourceTree = "<group>";
		};
		1E64481822307FA900329549 /* Colors */ = {
			isa = PBXGroup;
			children = (
				1E64481922307FAA00329549 /* AppDelegate.swift */,
				1E64481D22307FAA00329549 /* Main.storyboard */,
				1E64482022307FAB00329549 /* Assets.xcassets */,
				1E64482222307FAB00329549 /* LaunchScreen.storyboard */,
				1E64482522307FAB00329549 /* Info.plist */,
				1E599E70225400E100E9C7CE /* ColorDetailViewController.swift */,
				1E6448472230805600329549 /* ColorsViewController.swift */,
				1E599E72225400EC00E9C7CE /* Colors.swift */,
			);
			path = Colors;
			sourceTree = "<group>";
		};
		1E64482D22307FAC00329549 /* ColorsTests */ = {
			isa = PBXGroup;
			children = (
				1E64482E22307FAC00329549 /* ColorsTests.swift */,
				1E64483022307FAC00329549 /* Info.plist */,
			);
			path = ColorsTests;
			sourceTree = "<group>";
		};
		1E64483822307FAC00329549 /* ColorsUITests */ = {
			isa = PBXGroup;
			children = (
				1E64483922307FAC00329549 /* ColorsUITests.swift */,
				1E64483B22307FAC00329549 /* Info.plist */,
			);
			path = ColorsUITests;
			sourceTree = "<group>";
		};
/* End PBXGroup section */

/* Begin PBXNativeTarget section */
		1E64481522307FA900329549 /* Colors */ = {
			isa = PBXNativeTarget;
			buildConfigurationList = 1E64483E22307FAC00329549 /* Build configuration list for PBXNativeTarget "Colors" */;
			buildPhases = (
				1E64481222307FA900329549 /* Sources */,
				1E64481322307FA900329549 /* Frameworks */,
				1E64481422307FA900329549 /* Resources */,
			);
			buildRules = (
			);
			dependencies = (
			);
			name = Colors;
			productName = Colors;
			productReference = 1E64481622307FA900329549 /* Colors.app */;
			productType = "com.apple.product-type.application";
		};
		1E64482922307FAC00329549 /* ColorsTests */ = {
			isa = PBXNativeTarget;
			buildConfigurationList = 1E64484122307FAC00329549 /* Build configuration list for PBXNativeTarget "ColorsTests" */;
			buildPhases = (
				1E64482622307FAC00329549 /* Sources */,
				1E64482722307FAC00329549 /* Frameworks */,
				1E64482822307FAC00329549 /* Resources */,
			);
			buildRules = (
			);
			dependencies = (
				1E64482C22307FAC00329549 /* PBXTargetDependency */,
			);
			name = ColorsTests;
			productName = ColorsTests;
			productReference = 1E64482A22307FAC00329549 /* ColorsTests.xctest */;
			productType = "com.apple.product-type.bundle.unit-test";
		};
		1E64483422307FAC00329549 /* ColorsUITests */ = {
			isa = PBXNativeTarget;
			buildConfigurationList = 1E64484422307FAC00329549 /* Build configuration list for PBXNativeTarget "ColorsUITests" */;
			buildPhases = (
				1E64483122307FAC00329549 /* Sources */,
				1E64483222307FAC00329549 /* Frameworks */,
				1E64483322307FAC00329549 /* Resources */,
			);
			buildRules = (
			);
			dependencies = (
				1E64483722307FAC00329549 /* PBXTargetDependency */,
			);
			name = ColorsUITests;
			productName = ColorsUITests;
			productReference = 1E64483522307FAC00329549 /* ColorsUITests.xctest */;
			productType = "com.apple.product-type.bundle.ui-testing";
		};
/* End PBXNativeTarget section */

/* Begin PBXProject section */
		1E64480E22307FA900329549 /* Project object */ = {
			isa = PBXProject;
			attributes = {
				LastSwiftUpdateCheck = 1010;
				LastUpgradeCheck = 1010;
				ORGANIZATIONNAME = "Carmel Braga";
				TargetAttributes = {
					1E64481522307FA900329549 = {
						CreatedOnToolsVersion = 10.1;
					};
					1E64482922307FAC00329549 = {
						CreatedOnToolsVersion = 10.1;
						TestTargetID = 1E64481522307FA900329549;
					};
					1E64483422307FAC00329549 = {
						CreatedOnToolsVersion = 10.1;
						TestTargetID = 1E64481522307FA900329549;
					};
				};
			};
			buildConfigurationList = 1E64481122307FA900329549 /* Build configuration list for PBXProject "Colors" */;
			compatibilityVersion = "Xcode 9.3";
			developmentRegion = en;
			hasScannedForEncodings = 0;
			knownRegions = (
				en,
				Base,
			);
			mainGroup = 1E64480D22307FA900329549;
			productRefGroup = 1E64481722307FA900329549 /* Products */;
			projectDirPath = "";
			projectRoot = "";
			targets = (
				1E64481522307FA900329549 /* Colors */,
				1E64482922307FAC00329549 /* ColorsTests */,
				1E64483422307FAC00329549 /* ColorsUITests */,
			);
		};
/* End PBXProject section */

/* Begin PBXResourcesBuildPhase section */
		1E64481422307FA900329549 /* Resources */ = {
			isa = PBXResourcesBuildPhase;
			buildActionMask = 2147483647;
			files = (
				1E64482422307FAB00329549 /* LaunchScreen.storyboard in Resources */,
				1E64482122307FAB00329549 /* Assets.xcassets in Resources */,
				1E64481F22307FAA00329549 /* Main.storyboard in Resources */,
			);
			runOnlyForDeploymentPostprocessing = 0;
		};
		1E64482822307FAC00329549 /* Resources */ = {
			isa = PBXResourcesBuildPhase;
			buildActionMask = 2147483647;
			files = (
			);
			runOnlyForDeploymentPostprocessing = 0;
		};
		1E64483322307FAC00329549 /* Resources */ = {
			isa = PBXResourcesBuildPhase;
			buildActionMask = 2147483647;
			files = (
			);
			runOnlyForDeploymentPostprocessing = 0;
		};
/* End PBXResourcesBuildPhase section */

/* Begin PBXSourcesBuildPhase section */
		1E64481222307FA900329549 /* Sources */ = {
			isa = PBXSourcesBuildPhase;
			buildActionMask = 2147483647;
			files = (
				1E599E71225400E100E9C7CE /* ColorDetailViewController.swift in Sources */,
				1E599E73225400EC00E9C7CE /* Colors.swift in Sources */,
				1E6448482230805600329549 /* ColorsViewController.swift in Sources */,
				1E64481A22307FAA00329549 /* AppDelegate.swift in Sources */,
			);
			runOnlyForDeploymentPostprocessing = 0;
		};
		1E64482622307FAC00329549 /* Sources */ = {
			isa = PBXSourcesBuildPhase;
			buildActionMask = 2147483647;
			files = (
				1E64482F22307FAC00329549 /* ColorsTests.swift in Sources */,
			);
			runOnlyForDeploymentPostprocessing = 0;
		};
		1E64483122307FAC00329549 /* Sources */ = {
			isa = PBXSourcesBuildPhase;
			buildActionMask = 2147483647;
			files = (
				1E64483A22307FAC00329549 /* ColorsUITests.swift in Sources */,
			);
			runOnlyForDeploymentPostprocessing = 0;
		};
/* End PBXSourcesBuildPhase section */

/* Begin PBXTargetDependency section */
		1E64482C22307FAC00329549 /* PBXTargetDependency */ = {
			isa = PBXTargetDependency;
			target = 1E64481522307FA900329549 /* Colors */;
			targetProxy = 1E64482B22307FAC00329549 /* PBXContainerItemProxy */;
		};
		1E64483722307FAC00329549 /* PBXTargetDependency */ = {
			isa = PBXTargetDependency;
			target = 1E64481522307FA900329549 /* Colors */;
			targetProxy = 1E64483622307FAC00329549 /* PBXContainerItemProxy */;
		};
/* End PBXTargetDependency section */

/* Begin PBXVariantGroup section */
		1E64481D22307FAA00329549 /* Main.storyboard */ = {
			isa = PBXVariantGroup;
			children = (
				1E64481E22307FAA00329549 /* Base */,
			);
			name = Main.storyboard;
			sourceTree = "<group>";
		};
		1E64482222307FAB00329549 /* LaunchScreen.storyboard */ = {
			isa = PBXVariantGroup;
			children = (
				1E64482322307FAB00329549 /* Base */,
			);
			name = LaunchScreen.storyboard;
			sourceTree = "<group>";
		};
/* End PBXVariantGroup section */

/* Begin XCBuildConfiguration section */
		1E64483C22307FAC00329549 /* Debug */ = {
			isa = XCBuildConfiguration;
			buildSettings = {
				ALWAYS_SEARCH_USER_PATHS = NO;
				CLANG_ANALYZER_NONNULL = YES;
				CLANG_ANALYZER_NUMBER_OBJECT_CONVERSION = YES_AGGRESSIVE;
				CLANG_CXX_LANGUAGE_STANDARD = "gnu++14";
				CLANG_CXX_LIBRARY = "libc++";
				CLANG_ENABLE_MODULES = YES;
				CLANG_ENABLE_OBJC_ARC = YES;
				CLANG_ENABLE_OBJC_WEAK = YES;
				CLANG_WARN_BLOCK_CAPTURE_AUTORELEASING = YES;
				CLANG_WARN_BOOL_CONVERSION = YES;
				CLANG_WARN_COMMA = YES;
				CLANG_WARN_CONSTANT_CONVERSION = YES;
				CLANG_WARN_DEPRECATED_OBJC_IMPLEMENTATIONS = YES;
				CLANG_WARN_DIRECT_OBJC_ISA_USAGE = YES_ERROR;
				CLANG_WARN_DOCUMENTATION_COMMENTS = YES;
				CLANG_WARN_EMPTY_BODY = YES;
				CLANG_WARN_ENUM_CONVERSION = YES;
				CLANG_WARN_INFINITE_RECURSION = YES;
				CLANG_WARN_INT_CONVERSION = YES;
				CLANG_WARN_NON_LITERAL_NULL_CONVERSION = YES;
				CLANG_WARN_OBJC_IMPLICIT_RETAIN_SELF = YES;
				CLANG_WARN_OBJC_LITERAL_CONVERSION = YES;
				CLANG_WARN_OBJC_ROOT_CLASS = YES_ERROR;
				CLANG_WARN_RANGE_LOOP_ANALYSIS = YES;
				CLANG_WARN_STRICT_PROTOTYPES = YES;
				CLANG_WARN_SUSPICIOUS_MOVE = YES;
				CLANG_WARN_UNGUARDED_AVAILABILITY = YES_AGGRESSIVE;
				CLANG_WARN_UNREACHABLE_CODE = YES;
				CLANG_WARN__DUPLICATE_METHOD_MATCH = YES;
				CODE_SIGN_IDENTITY = "iPhone Developer";
				COPY_PHASE_STRIP = NO;
				DEBUG_INFORMATION_FORMAT = dwarf;
				ENABLE_STRICT_OBJC_MSGSEND = YES;
				ENABLE_TESTABILITY = YES;
				GCC_C_LANGUAGE_STANDARD = gnu11;
				GCC_DYNAMIC_NO_PIC = NO;
				GCC_NO_COMMON_BLOCKS = YES;
				GCC_OPTIMIZATION_LEVEL = 0;
				GCC_PREPROCESSOR_DEFINITIONS = (
					"DEBUG=1",
					"$(inherited)",
				);
				GCC_WARN_64_TO_32_BIT_CONVERSION = YES;
				GCC_WARN_ABOUT_RETURN_TYPE = YES_ERROR;
				GCC_WARN_UNDECLARED_SELECTOR = YES;
				GCC_WARN_UNINITIALIZED_AUTOS = YES_AGGRESSIVE;
				GCC_WARN_UNUSED_FUNCTION = YES;
				GCC_WARN_UNUSED_VARIABLE = YES;
				IPHONEOS_DEPLOYMENT_TARGET = 12.1;
				MTL_ENABLE_DEBUG_INFO = INCLUDE_SOURCE;
				MTL_FAST_MATH = YES;
				ONLY_ACTIVE_ARCH = YES;
				SDKROOT = iphoneos;
				SWIFT_ACTIVE_COMPILATION_CONDITIONS = DEBUG;
				SWIFT_OPTIMIZATION_LEVEL = "-Onone";
			};
			name = Debug;
		};
		1E64483D22307FAC00329549 /* Release */ = {
			isa = XCBuildConfiguration;
			buildSettings = {
				ALWAYS_SEARCH_USER_PATHS = NO;
				CLANG_ANALYZER_NONNULL = YES;
				CLANG_ANALYZER_NUMBER_OBJECT_CONVERSION = YES_AGGRESSIVE;
				CLANG_CXX_LANGUAGE_STANDARD = "gnu++14";
				CLANG_CXX_LIBRARY = "libc++";
				CLANG_ENABLE_MODULES = YES;
				CLANG_ENABLE_OBJC_ARC = YES;
				CLANG_ENABLE_OBJC_WEAK = YES;
				CLANG_WARN_BLOCK_CAPTURE_AUTORELEASING = YES;
				CLANG_WARN_BOOL_CONVERSION = YES;
				CLANG_WARN_COMMA = YES;
				CLANG_WARN_CONSTANT_CONVERSION = YES;
				CLANG_WARN_DEPRECATED_OBJC_IMPLEMENTATIONS = YES;
				CLANG_WARN_DIRECT_OBJC_ISA_USAGE = YES_ERROR;
				CLANG_WARN_DOCUMENTATION_COMMENTS = YES;
				CLANG_WARN_EMPTY_BODY = YES;
				CLANG_WARN_ENUM_CONVERSION = YES;
				CLANG_WARN_INFINITE_RECURSION = YES;
				CLANG_WARN_INT_CONVERSION = YES;
				CLANG_WARN_NON_LITERAL_NULL_CONVERSION = YES;
				CLANG_WARN_OBJC_IMPLICIT_RETAIN_SELF = YES;
				CLANG_WARN_OBJC_LITERAL_CONVERSION = YES;
				CLANG_WARN_OBJC_ROOT_CLASS = YES_ERROR;
				CLANG_WARN_RANGE_LOOP_ANALYSIS = YES;
				CLANG_WARN_STRICT_PROTOTYPES = YES;
				CLANG_WARN_SUSPICIOUS_MOVE = YES;
				CLANG_WARN_UNGUARDED_AVAILABILITY = YES_AGGRESSIVE;
				CLANG_WARN_UNREACHABLE_CODE = YES;
				CLANG_WARN__DUPLICATE_METHOD_MATCH = YES;
				CODE_SIGN_IDENTITY = "iPhone Developer";
				COPY_PHASE_STRIP = NO;
				DEBUG_INFORMATION_FORMAT = "dwarf-with-dsym";
				ENABLE_NS_ASSERTIONS = NO;
				ENABLE_STRICT_OBJC_MSGSEND = YES;
				GCC_C_LANGUAGE_STANDARD = gnu11;
				GCC_NO_COMMON_BLOCKS = YES;
				GCC_WARN_64_TO_32_BIT_CONVERSION = YES;
				GCC_WARN_ABOUT_RETURN_TYPE = YES_ERROR;
				GCC_WARN_UNDECLARED_SELECTOR = YES;
				GCC_WARN_UNINITIALIZED_AUTOS = YES_AGGRESSIVE;
				GCC_WARN_UNUSED_FUNCTION = YES;
				GCC_WARN_UNUSED_VARIABLE = YES;
				IPHONEOS_DEPLOYMENT_TARGET = 12.1;
				MTL_ENABLE_DEBUG_INFO = NO;
				MTL_FAST_MATH = YES;
				SDKROOT = iphoneos;
				SWIFT_COMPILATION_MODE = wholemodule;
				SWIFT_OPTIMIZATION_LEVEL = "-O";
				VALIDATE_PRODUCT = YES;
			};
			name = Release;
		};
		1E64483F22307FAC00329549 /* Debug */ = {
			isa = XCBuildConfiguration;
			buildSettings = {
				ASSETCATALOG_COMPILER_APPICON_NAME = AppIcon;
				CODE_SIGN_STYLE = Automatic;
				DEVELOPMENT_TEAM = V9N7Q5PFTZ;
				INFOPLIST_FILE = Colors/Info.plist;
				LD_RUNPATH_SEARCH_PATHS = (
					"$(inherited)",
					"@executable_path/Frameworks",
				);
				PRODUCT_BUNDLE_IDENTIFIER = edu.missouri.Colors;
				PRODUCT_NAME = "$(TARGET_NAME)";
				SWIFT_VERSION = 4.2;
				TARGETED_DEVICE_FAMILY = "1,2";
			};
			name = Debug;
		};
		1E64484022307FAC00329549 /* Release */ = {
			isa = XCBuildConfiguration;
			buildSettings = {
				ASSETCATALOG_COMPILER_APPICON_NAME = AppIcon;
				CODE_SIGN_STYLE = Automatic;
				DEVELOPMENT_TEAM = V9N7Q5PFTZ;
				INFOPLIST_FILE = Colors/Info.plist;
				LD_RUNPATH_SEARCH_PATHS = (
					"$(inherited)",
					"@executable_path/Frameworks",
				);
				PRODUCT_BUNDLE_IDENTIFIER = edu.missouri.Colors;
				PRODUCT_NAME = "$(TARGET_NAME)";
				SWIFT_VERSION = 4.2;
				TARGETED_DEVICE_FAMILY = "1,2";
			};
			name = Release;
		};
		1E64484222307FAC00329549 /* Debug */ = {
			isa = XCBuildConfiguration;
			buildSettings = {
				ALWAYS_EMBED_SWIFT_STANDARD_LIBRARIES = YES;
				BUNDLE_LOADER = "$(TEST_HOST)";
				CODE_SIGN_STYLE = Automatic;
				DEVELOPMENT_TEAM = V9N7Q5PFTZ;
				INFOPLIST_FILE = ColorsTests/Info.plist;
				LD_RUNPATH_SEARCH_PATHS = (
					"$(inherited)",
					"@executable_path/Frameworks",
					"@loader_path/Frameworks",
				);
				PRODUCT_BUNDLE_IDENTIFIER = edu.missouri.ColorsTests;
				PRODUCT_NAME = "$(TARGET_NAME)";
				SWIFT_VERSION = 4.2;
				TARGETED_DEVICE_FAMILY = "1,2";
				TEST_HOST = "$(BUILT_PRODUCTS_DIR)/Colors.app/Colors";
			};
			name = Debug;
		};
		1E64484322307FAC00329549 /* Release */ = {
			isa = XCBuildConfiguration;
			buildSettings = {
				ALWAYS_EMBED_SWIFT_STANDARD_LIBRARIES = YES;
				BUNDLE_LOADER = "$(TEST_HOST)";
				CODE_SIGN_STYLE = Automatic;
				DEVELOPMENT_TEAM = V9N7Q5PFTZ;
				INFOPLIST_FILE = ColorsTests/Info.plist;
				LD_RUNPATH_SEARCH_PATHS = (
					"$(inherited)",
					"@executable_path/Frameworks",
					"@loader_path/Frameworks",
				);
				PRODUCT_BUNDLE_IDENTIFIER = edu.missouri.ColorsTests;
				PRODUCT_NAME = "$(TARGET_NAME)";
				SWIFT_VERSION = 4.2;
				TARGETED_DEVICE_FAMILY = "1,2";
				TEST_HOST = "$(BUILT_PRODUCTS_DIR)/Colors.app/Colors";
			};
			name = Release;
		};
		1E64484522307FAC00329549 /* Debug */ = {
			isa = XCBuildConfiguration;
			buildSettings = {
				ALWAYS_EMBED_SWIFT_STANDARD_LIBRARIES = YES;
				CODE_SIGN_STYLE = Automatic;
				DEVELOPMENT_TEAM = V9N7Q5PFTZ;
				INFOPLIST_FILE = ColorsUITests/Info.plist;
				LD_RUNPATH_SEARCH_PATHS = (
					"$(inherited)",
					"@executable_path/Frameworks",
					"@loader_path/Frameworks",
				);
				PRODUCT_BUNDLE_IDENTIFIER = edu.missouri.ColorsUITests;
				PRODUCT_NAME = "$(TARGET_NAME)";
				SWIFT_VERSION = 4.2;
				TARGETED_DEVICE_FAMILY = "1,2";
				TEST_TARGET_NAME = Colors;
			};
			name = Debug;
		};
		1E64484622307FAC00329549 /* Release */ = {
			isa = XCBuildConfiguration;
			buildSettings = {
				ALWAYS_EMBED_SWIFT_STANDARD_LIBRARIES = YES;
				CODE_SIGN_STYLE = Automatic;
				DEVELOPMENT_TEAM = V9N7Q5PFTZ;
				INFOPLIST_FILE = ColorsUITests/Info.plist;
				LD_RUNPATH_SEARCH_PATHS = (
					"$(inherited)",
					"@executable_path/Frameworks",
					"@loader_path/Frameworks",
				);
				PRODUCT_BUNDLE_IDENTIFIER = edu.missouri.ColorsUITests;
				PRODUCT_NAME = "$(TARGET_NAME)";
				SWIFT_VERSION = 4.2;
				TARGETED_DEVICE_FAMILY = "1,2";
				TEST_TARGET_NAME = Colors;
			};
			name = Release;
		};
/* End XCBuildConfiguration section */

/* Begin XCConfigurationList section */
		1E64481122307FA900329549 /* Build configuration list for PBXProject "Colors" */ = {
			isa = XCConfigurationList;
			buildConfigurations = (
				1E64483C22307FAC00329549 /* Debug */,
				1E64483D22307FAC00329549 /* Release */,
			);
			defaultConfigurationIsVisible = 0;
			defaultConfigurationName = Release;
		};
		1E64483E22307FAC00329549 /* Build configuration list for PBXNativeTarget "Colors" */ = {
			isa = XCConfigurationList;
			buildConfigurations = (
				1E64483F22307FAC00329549 /* Debug */,
				1E64484022307FAC00329549 /* Release */,
			);
			defaultConfigurationIsVisible = 0;
			defaultConfigurationName = Release;
		};
		1E64484122307FAC00329549 /* Build configuration list for PBXNativeTarget "ColorsTests" */ = {
			isa = XCConfigurationList;
			buildConfigurations = (
				1E64484222307FAC00329549 /* Debug */,
				1E64484322307FAC00329549 /* Release */,
			);
			defaultConfigurationIsVisible = 0;
			defaultConfigurationName = Release;
		};
		1E64484422307FAC00329549 /* Build configuration list for PBXNativeTarget "ColorsUITests" */ = {
			isa = XCConfigurationList;
			buildConfigurations = (
				1E64484522307FAC00329549 /* Debug */,
				1E64484622307FAC00329549 /* Release */,
			);
			defaultConfigurationIsVisible = 0;
			defaultConfigurationName = Release;
		};
/* End XCConfigurationList section */
	};
	rootObject = 1E64480E22307FA900329549 /* Project object */;
}
